PODS:
  - EmojiSearchKt (1.0)

DEPENDENCIES:
  - EmojiSearchKt (from `../ios-shared`)

EXTERNAL SOURCES:
  EmojiSearchKt:
    :path: "../ios-shared"

SPEC CHECKSUMS:
  EmojiSearchKt: f542362486d22e2394742d2f03920807b85beaaa

PODFILE CHECKSUM: 62788f73308eccd2148887940a388226a1f4c82b

COCOAPODS: 1.11.3
