// !$*UTF8*$!
{
	archiveVersion = 1;
	classes = {
	};
	objectVersion = 50;
	objects = {

/* Begin PBXBuildFile section */
		320A9E3134B16AB401CAB3B3 /* Pods_EmojiSearchApp.framework in Frameworks */ = {isa = PBXBuildFile; fileRef = D2B340877E75215F2AED9BA8 /* Pods_EmojiSearchApp.framework */; };
		C4A7515E2938598D00D3F831 /* IosHostApi.swift in Sources */ = {isa = PBXBuildFile; fileRef = C4A7515D2938598D00D3F831 /* IosHostApi.swift */; };
		C4A751672938674300D3F831 /* Assets.xcassets in Resources */ = {isa = PBXBuildFile; fileRef = C4A751642938674300D3F831 /* Assets.xcassets */; };
		C4A751682938674300D3F831 /* Preview Assets.xcassets in Resources */ = {isa = PBXBuildFile; fileRef = C4A751662938674300D3F831 /* Preview Assets.xcassets */; };
		C4A7516B29386A9F00D3F831 /* TextInputBinding.swift in Sources */ = {isa = PBXBuildFile; fileRef = C4A7516A29386A9F00D3F831 /* TextInputBinding.swift */; };
		C4A7516E2938734100D3F831 /* SwiftUIEmojiSearchWidgetFactory.swift in Sources */ = {isa = PBXBuildFile; fileRef = C4A7516D2938734100D3F831 /* SwiftUIEmojiSearchWidgetFactory.swift */; };
		C4A751702938734700D3F831 /* SwiftUILayoutWidgetFactory.swift in Sources */ = {isa = PBXBuildFile; fileRef = C4A7516F2938734700D3F831 /* SwiftUILayoutWidgetFactory.swift */; };
		C4A75172293873E700D3F831 /* ColumnBinding.swift in Sources */ = {isa = PBXBuildFile; fileRef = C4A75171293873E700D3F831 /* ColumnBinding.swift */; };
		FA42CB27293C34DE00031CF0 /* SwiftUIView.swift in Sources */ = {isa = PBXBuildFile; fileRef = FA42CB26293C34DE00031CF0 /* SwiftUIView.swift */; };
		FA42CB29293C350200031CF0 /* WidgetChildrenView.swift in Sources */ = {isa = PBXBuildFile; fileRef = FA42CB28293C350200031CF0 /* WidgetChildrenView.swift */; };
		FA42CB2B293C361100031CF0 /* WidgetChildrenObserver.swift in Sources */ = {isa = PBXBuildFile; fileRef = FA42CB2A293C361100031CF0 /* WidgetChildrenObserver.swift */; };
		FA42CB2D293C3A4C00031CF0 /* LazyColumnBinding.swift in Sources */ = {isa = PBXBuildFile; fileRef = FA42CB2C293C3A4C00031CF0 /* LazyColumnBinding.swift */; };
		FA42CB2F293C3C3E00031CF0 /* SwiftUILazyLayoutWidgetFactory.swift in Sources */ = {isa = PBXBuildFile; fileRef = FA42CB2E293C3C3E00031CF0 /* SwiftUILazyLayoutWidgetFactory.swift */; };
		FA42CB31293C413500031CF0 /* EnvironmentKeys.swift in Sources */ = {isa = PBXBuildFile; fileRef = FA42CB30293C413500031CF0 /* EnvironmentKeys.swift */; };
		FA42CB33293C466300031CF0 /* TreehouseViewRenderer.swift in Sources */ = {isa = PBXBuildFile; fileRef = FA42CB32293C466300031CF0 /* TreehouseViewRenderer.swift */; };
		FA42CB35293C46FC00031CF0 /* RemoteImageLoader.swift in Sources */ = {isa = PBXBuildFile; fileRef = FA42CB34293C46FC00031CF0 /* RemoteImageLoader.swift */; };
		FA42CB3A293C471100031CF0 /* EmojiSearchApp.swift in Sources */ = {isa = PBXBuildFile; fileRef = FA42CB37293C471100031CF0 /* EmojiSearchApp.swift */; };
		FA42CB3B293C471100031CF0 /* ContentViewModel.swift in Sources */ = {isa = PBXBuildFile; fileRef = FA42CB38293C471100031CF0 /* ContentViewModel.swift */; };
		FA42CB3C293C471100031CF0 /* ContentView.swift in Sources */ = {isa = PBXBuildFile; fileRef = FA42CB39293C471100031CF0 /* ContentView.swift */; };
		FA42CB3E293C529B00031CF0 /* RowBinding.swift in Sources */ = {isa = PBXBuildFile; fileRef = FA42CB3D293C529B00031CF0 /* RowBinding.swift */; };
		FA42CB40293C540800031CF0 /* ImageBinding.swift in Sources */ = {isa = PBXBuildFile; fileRef = FA42CB3F293C540800031CF0 /* ImageBinding.swift */; };
		FA42CB42293C556900031CF0 /* TextBinding.swift in Sources */ = {isa = PBXBuildFile; fileRef = FA42CB41293C556900031CF0 /* TextBinding.swift */; };
		FA42CB44293C612300031CF0 /* TreehouseUIRenderer.swift in Sources */ = {isa = PBXBuildFile; fileRef = FA42CB43293C612300031CF0 /* TreehouseUIRenderer.swift */; };
/* End PBXBuildFile section */

/* Begin PBXFileReference section */
		8D728DFB15C556F9D94C2A56 /* Pods-EmojiSearchApp.release.xcconfig */ = {isa = PBXFileReference; includeInIndex = 1; lastKnownFileType = text.xcconfig; name = "Pods-EmojiSearchApp.release.xcconfig"; path = "Target Support Files/Pods-EmojiSearchApp/Pods-EmojiSearchApp.release.xcconfig"; sourceTree = "<group>"; };
		B1676165A1782330A65CC380 /* Pods-EmojiSearchApp.debug.xcconfig */ = {isa = PBXFileReference; includeInIndex = 1; lastKnownFileType = text.xcconfig; name = "Pods-EmojiSearchApp.debug.xcconfig"; path = "Target Support Files/Pods-EmojiSearchApp/Pods-EmojiSearchApp.debug.xcconfig"; sourceTree = "<group>"; };
		C4A7512F2938580300D3F831 /* EmojiSearchApp.app */ = {isa = PBXFileReference; explicitFileType = wrapper.application; includeInIndex = 0; path = EmojiSearchApp.app; sourceTree = BUILT_PRODUCTS_DIR; };
		C4A7515D2938598D00D3F831 /* IosHostApi.swift */ = {isa = PBXFileReference; fileEncoding = 4; lastKnownFileType = sourcecode.swift; path = IosHostApi.swift; sourceTree = "<group>"; };
		C4A751642938674300D3F831 /* Assets.xcassets */ = {isa = PBXFileReference; lastKnownFileType = folder.assetcatalog; path = Assets.xcassets; sourceTree = "<group>"; };
		C4A751662938674300D3F831 /* Preview Assets.xcassets */ = {isa = PBXFileReference; lastKnownFileType = folder.assetcatalog; path = "Preview Assets.xcassets"; sourceTree = "<group>"; };
		C4A7516A29386A9F00D3F831 /* TextInputBinding.swift */ = {isa = PBXFileReference; lastKnownFileType = sourcecode.swift; path = TextInputBinding.swift; sourceTree = "<group>"; };
		C4A7516D2938734100D3F831 /* SwiftUIEmojiSearchWidgetFactory.swift */ = {isa = PBXFileReference; fileEncoding = 4; lastKnownFileType = sourcecode.swift; path = SwiftUIEmojiSearchWidgetFactory.swift; sourceTree = "<group>"; };
		C4A7516F2938734700D3F831 /* SwiftUILayoutWidgetFactory.swift */ = {isa = PBXFileReference; lastKnownFileType = sourcecode.swift; path = SwiftUILayoutWidgetFactory.swift; sourceTree = "<group>"; };
		C4A75171293873E700D3F831 /* ColumnBinding.swift */ = {isa = PBXFileReference; lastKnownFileType = sourcecode.swift; path = ColumnBinding.swift; sourceTree = "<group>"; };
		D2B340877E75215F2AED9BA8 /* Pods_EmojiSearchApp.framework */ = {isa = PBXFileReference; explicitFileType = wrapper.framework; includeInIndex = 0; path = Pods_EmojiSearchApp.framework; sourceTree = BUILT_PRODUCTS_DIR; };
		FA42CB26293C34DE00031CF0 /* SwiftUIView.swift */ = {isa = PBXFileReference; fileEncoding = 4; lastKnownFileType = sourcecode.swift; path = SwiftUIView.swift; sourceTree = "<group>"; };
		FA42CB28293C350200031CF0 /* WidgetChildrenView.swift */ = {isa = PBXFileReference; lastKnownFileType = sourcecode.swift; path = WidgetChildrenView.swift; sourceTree = "<group>"; };
		FA42CB2A293C361100031CF0 /* WidgetChildrenObserver.swift */ = {isa = PBXFileReference; lastKnownFileType = sourcecode.swift; path = WidgetChildrenObserver.swift; sourceTree = "<group>"; };
		FA42CB2C293C3A4C00031CF0 /* LazyColumnBinding.swift */ = {isa = PBXFileReference; lastKnownFileType = sourcecode.swift; path = LazyColumnBinding.swift; sourceTree = "<group>"; };
		FA42CB2E293C3C3E00031CF0 /* SwiftUILazyLayoutWidgetFactory.swift */ = {isa = PBXFileReference; lastKnownFileType = sourcecode.swift; path = SwiftUILazyLayoutWidgetFactory.swift; sourceTree = "<group>"; };
		FA42CB30293C413500031CF0 /* EnvironmentKeys.swift */ = {isa = PBXFileReference; lastKnownFileType = sourcecode.swift; path = EnvironmentKeys.swift; sourceTree = "<group>"; };
		FA42CB32293C466300031CF0 /* TreehouseViewRenderer.swift */ = {isa = PBXFileReference; lastKnownFileType = sourcecode.swift; path = TreehouseViewRenderer.swift; sourceTree = "<group>"; };
		FA42CB34293C46FC00031CF0 /* RemoteImageLoader.swift */ = {isa = PBXFileReference; fileEncoding = 4; lastKnownFileType = sourcecode.swift; path = RemoteImageLoader.swift; sourceTree = "<group>"; };
		FA42CB37293C471100031CF0 /* EmojiSearchApp.swift */ = {isa = PBXFileReference; fileEncoding = 4; lastKnownFileType = sourcecode.swift; path = EmojiSearchApp.swift; sourceTree = "<group>"; };
		FA42CB38293C471100031CF0 /* ContentViewModel.swift */ = {isa = PBXFileReference; fileEncoding = 4; lastKnownFileType = sourcecode.swift; path = ContentViewModel.swift; sourceTree = "<group>"; };
		FA42CB39293C471100031CF0 /* ContentView.swift */ = {isa = PBXFileReference; fileEncoding = 4; lastKnownFileType = sourcecode.swift; path = ContentView.swift; sourceTree = "<group>"; };
		FA42CB3D293C529B00031CF0 /* RowBinding.swift */ = {isa = PBXFileReference; lastKnownFileType = sourcecode.swift; path = RowBinding.swift; sourceTree = "<group>"; };
		FA42CB3F293C540800031CF0 /* ImageBinding.swift */ = {isa = PBXFileReference; lastKnownFileType = sourcecode.swift; path = ImageBinding.swift; sourceTree = "<group>"; };
		FA42CB41293C556900031CF0 /* TextBinding.swift */ = {isa = PBXFileReference; lastKnownFileType = sourcecode.swift; path = TextBinding.swift; sourceTree = "<group>"; };
		FA42CB43293C612300031CF0 /* TreehouseUIRenderer.swift */ = {isa = PBXFileReference; lastKnownFileType = sourcecode.swift; path = TreehouseUIRenderer.swift; sourceTree = "<group>"; };
/* End PBXFileReference section */

/* Begin PBXFrameworksBuildPhase section */
		C4A7512C2938580300D3F831 /* Frameworks */ = {
			isa = PBXFrameworksBuildPhase;
			buildActionMask = 2147483647;
			files = (
				320A9E3134B16AB401CAB3B3 /* Pods_EmojiSearchApp.framework in Frameworks */,
			);
			runOnlyForDeploymentPostprocessing = 0;
		};
/* End PBXFrameworksBuildPhase section */

/* Begin PBXGroup section */
		357551702BEA7BF2ED0FCB07 /* Pods */ = {
			isa = PBXGroup;
			children = (
				B1676165A1782330A65CC380 /* Pods-EmojiSearchApp.debug.xcconfig */,
				8D728DFB15C556F9D94C2A56 /* Pods-EmojiSearchApp.release.xcconfig */,
			);
			path = Pods;
			sourceTree = "<group>";
		};
		C4A751262938580300D3F831 = {
			isa = PBXGroup;
			children = (
				C4A751312938580300D3F831 /* EmojiSearchApp */,
				C4A751302938580300D3F831 /* Products */,
				357551702BEA7BF2ED0FCB07 /* Pods */,
				C5145E45B03AF805A56E7F75 /* Frameworks */,
			);
			sourceTree = "<group>";
		};
		C4A751302938580300D3F831 /* Products */ = {
			isa = PBXGroup;
			children = (
				C4A7512F2938580300D3F831 /* EmojiSearchApp.app */,
			);
			name = Products;
			sourceTree = "<group>";
		};
		C4A751312938580300D3F831 /* EmojiSearchApp */ = {
			isa = PBXGroup;
			children = (
				FA42CB25293C34CF00031CF0 /* Core */,
				C4A751632938674300D3F831 /* Resource */,
				FA42CB36293C471100031CF0 /* Scene */,
				C4A7515C2938598600D3F831 /* Service */,
				C4A7516929386A8100D3F831 /* Widget */,
				C4A7516C2938734100D3F831 /* WidgetFactory */,
			);
			path = EmojiSearchApp;
			sourceTree = "<group>";
		};
		C4A7515C2938598600D3F831 /* Service */ = {
			isa = PBXGroup;
			children = (
				FA42CB34293C46FC00031CF0 /* RemoteImageLoader.swift */,
				C4A7515D2938598D00D3F831 /* IosHostApi.swift */,
			);
			path = Service;
			sourceTree = "<group>";
		};
		C4A751632938674300D3F831 /* Resource */ = {
			isa = PBXGroup;
			children = (
				C4A751642938674300D3F831 /* Assets.xcassets */,
				C4A751652938674300D3F831 /* Preview Content */,
			);
			path = Resource;
			sourceTree = "<group>";
		};
		C4A751652938674300D3F831 /* Preview Content */ = {
			isa = PBXGroup;
			children = (
				C4A751662938674300D3F831 /* Preview Assets.xcassets */,
			);
			path = "Preview Content";
			sourceTree = "<group>";
		};
		C4A7516929386A8100D3F831 /* Widget */ = {
			isa = PBXGroup;
			children = (
				C4A7516A29386A9F00D3F831 /* TextInputBinding.swift */,
				C4A75171293873E700D3F831 /* ColumnBinding.swift */,
				FA42CB2C293C3A4C00031CF0 /* LazyColumnBinding.swift */,
				FA42CB3D293C529B00031CF0 /* RowBinding.swift */,
				FA42CB3F293C540800031CF0 /* ImageBinding.swift */,
				FA42CB41293C556900031CF0 /* TextBinding.swift */,
			);
			path = Widget;
			sourceTree = "<group>";
		};
		C4A7516C2938734100D3F831 /* WidgetFactory */ = {
			isa = PBXGroup;
			children = (
				C4A7516D2938734100D3F831 /* SwiftUIEmojiSearchWidgetFactory.swift */,
				C4A7516F2938734700D3F831 /* SwiftUILayoutWidgetFactory.swift */,
				FA42CB2E293C3C3E00031CF0 /* SwiftUILazyLayoutWidgetFactory.swift */,
			);
			path = WidgetFactory;
			sourceTree = "<group>";
		};
		C5145E45B03AF805A56E7F75 /* Frameworks */ = {
			isa = PBXGroup;
			children = (
				D2B340877E75215F2AED9BA8 /* Pods_EmojiSearchApp.framework */,
			);
			name = Frameworks;
			sourceTree = "<group>";
		};
		FA42CB25293C34CF00031CF0 /* Core */ = {
			isa = PBXGroup;
			children = (
				FA42CB26293C34DE00031CF0 /* SwiftUIView.swift */,
				FA42CB28293C350200031CF0 /* WidgetChildrenView.swift */,
				FA42CB2A293C361100031CF0 /* WidgetChildrenObserver.swift */,
				FA42CB30293C413500031CF0 /* EnvironmentKeys.swift */,
				FA42CB32293C466300031CF0 /* TreehouseViewRenderer.swift */,
				FA42CB43293C612300031CF0 /* TreehouseUIRenderer.swift */,
			);
			path = Core;
			sourceTree = "<group>";
		};
		FA42CB36293C471100031CF0 /* Scene */ = {
			isa = PBXGroup;
			children = (
				FA42CB37293C471100031CF0 /* EmojiSearchApp.swift */,
				FA42CB38293C471100031CF0 /* ContentViewModel.swift */,
				FA42CB39293C471100031CF0 /* ContentView.swift */,
			);
			path = Scene;
			sourceTree = "<group>";
		};
/* End PBXGroup section */

/* Begin PBXNativeTarget section */
		C4A7512E2938580300D3F831 /* EmojiSearchApp */ = {
			isa = PBXNativeTarget;
			buildConfigurationList = C4A751532938580400D3F831 /* Build configuration list for PBXNativeTarget "EmojiSearchApp" */;
			buildPhases = (
				A61F947B27146E75CBC8EECC /* [CP] Check Pods Manifest.lock */,
				C4A7512B2938580300D3F831 /* Sources */,
				C4A7512C2938580300D3F831 /* Frameworks */,
				C4A7512D2938580300D3F831 /* Resources */,
			);
			buildRules = (
			);
			dependencies = (
			);
			name = EmojiSearchApp;
			productName = EmojiSearchApp;
			productReference = C4A7512F2938580300D3F831 /* EmojiSearchApp.app */;
			productType = "com.apple.product-type.application";
		};
/* End PBXNativeTarget section */

/* Begin PBXProject section */
		C4A751272938580300D3F831 /* Project object */ = {
			isa = PBXProject;
			attributes = {
				LastSwiftUpdateCheck = 1410;
				LastUpgradeCheck = 1410;
				TargetAttributes = {
					C4A7512E2938580300D3F831 = {
						CreatedOnToolsVersion = 14.1;
					};
				};
			};
			buildConfigurationList = C4A7512A2938580300D3F831 /* Build configuration list for PBXProject "EmojiSearchApp" */;
			compatibilityVersion = "Xcode 14.0";
			developmentRegion = en;
			hasScannedForEncodings = 0;
			knownRegions = (
				en,
				Base,
			);
			mainGroup = C4A751262938580300D3F831;
			productRefGroup = C4A751302938580300D3F831 /* Products */;
			projectDirPath = "";
			projectRoot = "";
			targets = (
				C4A7512E2938580300D3F831 /* EmojiSearchApp */,
			);
		};
/* End PBXProject section */

/* Begin PBXResourcesBuildPhase section */
		C4A7512D2938580300D3F831 /* Resources */ = {
			isa = PBXResourcesBuildPhase;
			buildActionMask = 2147483647;
			files = (
				C4A751682938674300D3F831 /* Preview Assets.xcassets in Resources */,
				C4A751672938674300D3F831 /* Assets.xcassets in Resources */,
			);
			runOnlyForDeploymentPostprocessing = 0;
		};
/* End PBXResourcesBuildPhase section */

/* Begin PBXShellScriptBuildPhase section */
		A61F947B27146E75CBC8EECC /* [CP] Check Pods Manifest.lock */ = {
			isa = PBXShellScriptBuildPhase;
			buildActionMask = 2147483647;
			files = (
			);
			inputFileListPaths = (
			);
			inputPaths = (
				"${PODS_PODFILE_DIR_PATH}/Podfile.lock",
				"${PODS_ROOT}/Manifest.lock",
			);
			name = "[CP] Check Pods Manifest.lock";
			outputFileListPaths = (
			);
			outputPaths = (
				"$(DERIVED_FILE_DIR)/Pods-EmojiSearchApp-checkManifestLockResult.txt",
			);
			runOnlyForDeploymentPostprocessing = 0;
			shellPath = /bin/sh;
			shellScript = "diff \"${PODS_PODFILE_DIR_PATH}/Podfile.lock\" \"${PODS_ROOT}/Manifest.lock\" > /dev/null\nif [ $? != 0 ] ; then\n    # print error to STDERR\n    echo \"error: The sandbox is not in sync with the Podfile.lock. Run 'pod install' or update your CocoaPods installation.\" >&2\n    exit 1\nfi\n# This output is used by Xcode 'outputs' to avoid re-running this script phase.\necho \"SUCCESS\" > \"${SCRIPT_OUTPUT_FILE_0}\"\n";
			showEnvVarsInLog = 0;
		};
/* End PBXShellScriptBuildPhase section */

/* Begin PBXSourcesBuildPhase section */
		C4A7512B2938580300D3F831 /* Sources */ = {
			isa = PBXSourcesBuildPhase;
			buildActionMask = 2147483647;
			files = (
				FA42CB42293C556900031CF0 /* TextBinding.swift in Sources */,
				FA42CB31293C413500031CF0 /* EnvironmentKeys.swift in Sources */,
				C4A751702938734700D3F831 /* SwiftUILayoutWidgetFactory.swift in Sources */,
				FA42CB3C293C471100031CF0 /* ContentView.swift in Sources */,
				FA42CB40293C540800031CF0 /* ImageBinding.swift in Sources */,
				FA42CB35293C46FC00031CF0 /* RemoteImageLoader.swift in Sources */,
				FA42CB27293C34DE00031CF0 /* SwiftUIView.swift in Sources */,
				FA42CB3A293C471100031CF0 /* EmojiSearchApp.swift in Sources */,
				C4A7516E2938734100D3F831 /* SwiftUIEmojiSearchWidgetFactory.swift in Sources */,
				C4A7515E2938598D00D3F831 /* IosHostApi.swift in Sources */,
				FA42CB2B293C361100031CF0 /* WidgetChildrenObserver.swift in Sources */,
				FA42CB29293C350200031CF0 /* WidgetChildrenView.swift in Sources */,
				FA42CB2F293C3C3E00031CF0 /* SwiftUILazyLayoutWidgetFactory.swift in Sources */,
				FA42CB44293C612300031CF0 /* TreehouseUIRenderer.swift in Sources */,
				FA42CB3E293C529B00031CF0 /* RowBinding.swift in Sources */,
				FA42CB33293C466300031CF0 /* TreehouseViewRenderer.swift in Sources */,
				FA42CB2D293C3A4C00031CF0 /* LazyColumnBinding.swift in Sources */,
				C4A7516B29386A9F00D3F831 /* TextInputBinding.swift in Sources */,
				C4A75172293873E700D3F831 /* ColumnBinding.swift in Sources */,
				FA42CB3B293C471100031CF0 /* ContentViewModel.swift in Sources */,
			);
			runOnlyForDeploymentPostprocessing = 0;
		};
/* End PBXSourcesBuildPhase section */

/* Begin XCBuildConfiguration section */
		C4A751512938580400D3F831 /* Debug */ = {
			isa = XCBuildConfiguration;
			buildSettings = {
				ALWAYS_SEARCH_USER_PATHS = NO;
				CLANG_ANALYZER_NONNULL = YES;
				CLANG_ANALYZER_NUMBER_OBJECT_CONVERSION = YES_AGGRESSIVE;
				CLANG_CXX_LANGUAGE_STANDARD = "gnu++20";
				CLANG_ENABLE_MODULES = YES;
				CLANG_ENABLE_OBJC_ARC = YES;
				CLANG_ENABLE_OBJC_WEAK = YES;
				CLANG_WARN_BLOCK_CAPTURE_AUTORELEASING = YES;
				CLANG_WARN_BOOL_CONVERSION = YES;
				CLANG_WARN_COMMA = YES;
				CLANG_WARN_CONSTANT_CONVERSION = YES;
				CLANG_WARN_DEPRECATED_OBJC_IMPLEMENTATIONS = YES;
				CLANG_WARN_DIRECT_OBJC_ISA_USAGE = YES_ERROR;
				CLANG_WARN_DOCUMENTATION_COMMENTS = YES;
				CLANG_WARN_EMPTY_BODY = YES;
				CLANG_WARN_ENUM_CONVERSION = YES;
				CLANG_WARN_INFINITE_RECURSION = YES;
				CLANG_WARN_INT_CONVERSION = YES;
				CLANG_WARN_NON_LITERAL_NULL_CONVERSION = YES;
				CLANG_WARN_OBJC_IMPLICIT_RETAIN_SELF = YES;
				CLANG_WARN_OBJC_LITERAL_CONVERSION = YES;
				CLANG_WARN_OBJC_ROOT_CLASS = YES_ERROR;
				CLANG_WARN_QUOTED_INCLUDE_IN_FRAMEWORK_HEADER = YES;
				CLANG_WARN_RANGE_LOOP_ANALYSIS = YES;
				CLANG_WARN_STRICT_PROTOTYPES = YES;
				CLANG_WARN_SUSPICIOUS_MOVE = YES;
				CLANG_WARN_UNGUARDED_AVAILABILITY = YES_AGGRESSIVE;
				CLANG_WARN_UNREACHABLE_CODE = YES;
				CLANG_WARN__DUPLICATE_METHOD_MATCH = YES;
				COPY_PHASE_STRIP = NO;
				DEBUG_INFORMATION_FORMAT = dwarf;
				ENABLE_STRICT_OBJC_MSGSEND = YES;
				ENABLE_TESTABILITY = YES;
				GCC_C_LANGUAGE_STANDARD = gnu11;
				GCC_DYNAMIC_NO_PIC = NO;
				GCC_NO_COMMON_BLOCKS = YES;
				GCC_OPTIMIZATION_LEVEL = 0;
				GCC_PREPROCESSOR_DEFINITIONS = (
					"DEBUG=1",
					"$(inherited)",
				);
				GCC_WARN_64_TO_32_BIT_CONVERSION = YES;
				GCC_WARN_ABOUT_RETURN_TYPE = YES_ERROR;
				GCC_WARN_UNDECLARED_SELECTOR = YES;
				GCC_WARN_UNINITIALIZED_AUTOS = YES_AGGRESSIVE;
				GCC_WARN_UNUSED_FUNCTION = YES;
				GCC_WARN_UNUSED_VARIABLE = YES;
				IPHONEOS_DEPLOYMENT_TARGET = 16.1;
				MTL_ENABLE_DEBUG_INFO = INCLUDE_SOURCE;
				MTL_FAST_MATH = YES;
				ONLY_ACTIVE_ARCH = YES;
				SDKROOT = iphoneos;
				SWIFT_ACTIVE_COMPILATION_CONDITIONS = DEBUG;
				SWIFT_OPTIMIZATION_LEVEL = "-Onone";
			};
			name = Debug;
		};
		C4A751522938580400D3F831 /* Release */ = {
			isa = XCBuildConfiguration;
			buildSettings = {
				ALWAYS_SEARCH_USER_PATHS = NO;
				CLANG_ANALYZER_NONNULL = YES;
				CLANG_ANALYZER_NUMBER_OBJECT_CONVERSION = YES_AGGRESSIVE;
				CLANG_CXX_LANGUAGE_STANDARD = "gnu++20";
				CLANG_ENABLE_MODULES = YES;
				CLANG_ENABLE_OBJC_ARC = YES;
				CLANG_ENABLE_OBJC_WEAK = YES;
				CLANG_WARN_BLOCK_CAPTURE_AUTORELEASING = YES;
				CLANG_WARN_BOOL_CONVERSION = YES;
				CLANG_WARN_COMMA = YES;
				CLANG_WARN_CONSTANT_CONVERSION = YES;
				CLANG_WARN_DEPRECATED_OBJC_IMPLEMENTATIONS = YES;
				CLANG_WARN_DIRECT_OBJC_ISA_USAGE = YES_ERROR;
				CLANG_WARN_DOCUMENTATION_COMMENTS = YES;
				CLANG_WARN_EMPTY_BODY = YES;
				CLANG_WARN_ENUM_CONVERSION = YES;
				CLANG_WARN_INFINITE_RECURSION = YES;
				CLANG_WARN_INT_CONVERSION = YES;
				CLANG_WARN_NON_LITERAL_NULL_CONVERSION = YES;
				CLANG_WARN_OBJC_IMPLICIT_RETAIN_SELF = YES;
				CLANG_WARN_OBJC_LITERAL_CONVERSION = YES;
				CLANG_WARN_OBJC_ROOT_CLASS = YES_ERROR;
				CLANG_WARN_QUOTED_INCLUDE_IN_FRAMEWORK_HEADER = YES;
				CLANG_WARN_RANGE_LOOP_ANALYSIS = YES;
				CLANG_WARN_STRICT_PROTOTYPES = YES;
				CLANG_WARN_SUSPICIOUS_MOVE = YES;
				CLANG_WARN_UNGUARDED_AVAILABILITY = YES_AGGRESSIVE;
				CLANG_WARN_UNREACHABLE_CODE = YES;
				CLANG_WARN__DUPLICATE_METHOD_MATCH = YES;
				COPY_PHASE_STRIP = NO;
				DEBUG_INFORMATION_FORMAT = "dwarf-with-dsym";
				ENABLE_NS_ASSERTIONS = NO;
				ENABLE_STRICT_OBJC_MSGSEND = YES;
				GCC_C_LANGUAGE_STANDARD = gnu11;
				GCC_NO_COMMON_BLOCKS = YES;
				GCC_WARN_64_TO_32_BIT_CONVERSION = YES;
				GCC_WARN_ABOUT_RETURN_TYPE = YES_ERROR;
				GCC_WARN_UNDECLARED_SELECTOR = YES;
				GCC_WARN_UNINITIALIZED_AUTOS = YES_AGGRESSIVE;
				GCC_WARN_UNUSED_FUNCTION = YES;
				GCC_WARN_UNUSED_VARIABLE = YES;
				IPHONEOS_DEPLOYMENT_TARGET = 16.1;
				MTL_ENABLE_DEBUG_INFO = NO;
				MTL_FAST_MATH = YES;
				SDKROOT = iphoneos;
				SWIFT_COMPILATION_MODE = wholemodule;
				SWIFT_OPTIMIZATION_LEVEL = "-O";
				VALIDATE_PRODUCT = YES;
			};
			name = Release;
		};
		C4A751542938580400D3F831 /* Debug */ = {
			isa = XCBuildConfiguration;
			baseConfigurationReference = B1676165A1782330A65CC380 /* Pods-EmojiSearchApp.debug.xcconfig */;
			buildSettings = {
				ASSETCATALOG_COMPILER_APPICON_NAME = AppIcon;
				ASSETCATALOG_COMPILER_GLOBAL_ACCENT_COLOR_NAME = AccentColor;
				CODE_SIGN_STYLE = Automatic;
				CURRENT_PROJECT_VERSION = 1;
				DEVELOPMENT_ASSET_PATHS = "\"EmojiSearchApp/Resource/Preview Content\"";
				DEVELOPMENT_TEAM = ZJF5329K3Z;
				ENABLE_PREVIEWS = YES;
				GENERATE_INFOPLIST_FILE = YES;
				INFOPLIST_KEY_UIApplicationSceneManifest_Generation = YES;
				INFOPLIST_KEY_UIApplicationSupportsIndirectInputEvents = YES;
				INFOPLIST_KEY_UILaunchScreen_Generation = YES;
				INFOPLIST_KEY_UISupportedInterfaceOrientations_iPad = "UIInterfaceOrientationPortrait UIInterfaceOrientationPortraitUpsideDown UIInterfaceOrientationLandscapeLeft UIInterfaceOrientationLandscapeRight";
				INFOPLIST_KEY_UISupportedInterfaceOrientations_iPhone = "UIInterfaceOrientationPortrait UIInterfaceOrientationLandscapeLeft UIInterfaceOrientationLandscapeRight";
				LD_RUNPATH_SEARCH_PATHS = (
					"$(inherited)",
					"@executable_path/Frameworks",
				);
				MARKETING_VERSION = 1.0;
				PRODUCT_BUNDLE_IDENTIFIER = com.squareup.cash.EmojiSearchApp;
				PRODUCT_NAME = "$(TARGET_NAME)";
				SWIFT_EMIT_LOC_STRINGS = YES;
				SWIFT_VERSION = 5.0;
				TARGETED_DEVICE_FAMILY = "1,2";
			};
			name = Debug;
		};
		C4A751552938580400D3F831 /* Release */ = {
			isa = XCBuildConfiguration;
			baseConfigurationReference = 8D728DFB15C556F9D94C2A56 /* Pods-EmojiSearchApp.release.xcconfig */;
			buildSettings = {
				ASSETCATALOG_COMPILER_APPICON_NAME = AppIcon;
				ASSETCATALOG_COMPILER_GLOBAL_ACCENT_COLOR_NAME = AccentColor;
				CODE_SIGN_STYLE = Automatic;
				CURRENT_PROJECT_VERSION = 1;
				DEVELOPMENT_ASSET_PATHS = "\"EmojiSearchApp/Resource/Preview Content\"";
				DEVELOPMENT_TEAM = ZJF5329K3Z;
				ENABLE_PREVIEWS = YES;
				GENERATE_INFOPLIST_FILE = YES;
				INFOPLIST_KEY_UIApplicationSceneManifest_Generation = YES;
				INFOPLIST_KEY_UIApplicationSupportsIndirectInputEvents = YES;
				INFOPLIST_KEY_UILaunchScreen_Generation = YES;
				INFOPLIST_KEY_UISupportedInterfaceOrientations_iPad = "UIInterfaceOrientationPortrait UIInterfaceOrientationPortraitUpsideDown UIInterfaceOrientationLandscapeLeft UIInterfaceOrientationLandscapeRight";
				INFOPLIST_KEY_UISupportedInterfaceOrientations_iPhone = "UIInterfaceOrientationPortrait UIInterfaceOrientationLandscapeLeft UIInterfaceOrientationLandscapeRight";
				LD_RUNPATH_SEARCH_PATHS = (
					"$(inherited)",
					"@executable_path/Frameworks",
				);
				MARKETING_VERSION = 1.0;
				PRODUCT_BUNDLE_IDENTIFIER = com.squareup.cash.EmojiSearchApp;
				PRODUCT_NAME = "$(TARGET_NAME)";
				SWIFT_EMIT_LOC_STRINGS = YES;
				SWIFT_VERSION = 5.0;
				TARGETED_DEVICE_FAMILY = "1,2";
			};
			name = Release;
		};
/* End XCBuildConfiguration section */

/* Begin XCConfigurationList section */
		C4A7512A2938580300D3F831 /* Build configuration list for PBXProject "EmojiSearchApp" */ = {
			isa = XCConfigurationList;
			buildConfigurations = (
				C4A751512938580400D3F831 /* Debug */,
				C4A751522938580400D3F831 /* Release */,
			);
			defaultConfigurationIsVisible = 0;
			defaultConfigurationName = Release;
		};
		C4A751532938580400D3F831 /* Build configuration list for PBXNativeTarget "EmojiSearchApp" */ = {
			isa = XCConfigurationList;
			buildConfigurations = (
				C4A751542938580400D3F831 /* Debug */,
				C4A751552938580400D3F831 /* Release */,
			);
			defaultConfigurationIsVisible = 0;
			defaultConfigurationName = Release;
		};
/* End XCConfigurationList section */
	};
	rootObject = C4A751272938580300D3F831 /* Project object */;
}
